{
  "name": "exiftool-vendored",
  "version": "4.6.0",
  "lockfileVersion": 1,
  "requires": true,
  "dependencies": {
    "@types/fs-extra": {
      "version": "4.0.5",
      "resolved": "https://registry.npmjs.org/@types/fs-extra/-/fs-extra-4.0.5.tgz",
      "integrity": "sha512-tIG0GpHum5IFb8Qze/cSv0w/0gNzHB+MUDftTQaxenx46z50g51/MPkNLssLz9+uZLzCDd35bT9qtWOTXZ21Gw==",
      "dev": true,
      "requires": {
        "@types/node": "8.0.52"
      }
    },
    "@types/node": {
      "version": "8.0.52",
      "resolved": "https://registry.npmjs.org/@types/node/-/node-8.0.52.tgz",
      "integrity": "sha512-wOU/VRodnI/4Chxuu6R6bcyN9aE3rztO0i8R76PZO7+DxTXWy60nseGN4ujspucmxrfj5mzgCYPXiXqrD6KC3Q==",
      "dev": true
    }
  }
}
